
Microsoft Visual Studio Solution File, Format Version 12.00
# Visual Studio 15
VisualStudioVersion = 15.0.28307.1267
MinimumVisualStudioVersion = 10.0.40219.1
Project("{888888A0-9F3D-457C-B088-3A5042F75D52}") = "FaceDetectBackend", "FaceDetectBackend\FaceDetectBackend.pyproj", "{E51A6189-40A1-43CF-8D6B-6139DA345B4E}"
EndProject
Global
	GlobalSection(SolutionConfigurationPlatforms) = preSolution
		Debug|Any CPU = Debug|Any CPU
		Release|Any CPU = Release|Any CPU
	EndGlobalSection
	GlobalSection(ProjectConfigurationPlatforms) = postSolution
		{E51A6189-40A1-43CF-8D6B-6139DA345B4E}.Debug|Any CPU.ActiveCfg = Debug|Any CPU
		{E51A6189-40A1-43CF-8D6B-6139DA345B4E}.Release|Any CPU.ActiveCfg = Release|Any CPU
	EndGlobalSection
	GlobalSection(SolutionProperties) = preSolution
		HideSolutionNode = FALSE
	EndGlobalSection
	GlobalSection(ExtensibilityGlobals) = postSolution
		SolutionGuid = {64178A84-4DDE-4EC4-ACE0-5CF06D956D32}
	EndGlobalSection
EndGlobal
